// !$*UTF8*$!
{
	archiveVersion = 1;
	classes = {
	};
	objectVersion = 55;
	objects = {

/* Begin PBXBuildFile section */
		20162BBA28C783DA0094E7DA /* PullToRefreshApp.swift in Sources */ = {isa = PBXBuildFile; fileRef = 20162BB928C783DA0094E7DA /* PullToRefreshApp.swift */; };
		20162BBC28C783DA0094E7DA /* VanillaPullToRefreshView.swift in Sources */ = {isa = PBXBuildFile; fileRef = 20162BBB28C783DA0094E7DA /* VanillaPullToRefreshView.swift */; };
		20162BBE28C783DC0094E7DA /* Assets.xcassets in Resources */ = {isa = PBXBuildFile; fileRef = 20162BBD28C783DC0094E7DA /* Assets.xcassets */; };
		20162BC128C783DC0094E7DA /* Preview Assets.xcassets in Resources */ = {isa = PBXBuildFile; fileRef = 20162BC028C783DC0094E7DA /* Preview Assets.xcassets */; };
		20162BC928C786730094E7DA /* ComposableArchitecture in Frameworks */ = {isa = PBXBuildFile; productRef = 20162BC828C786730094E7DA /* ComposableArchitecture */; };
		20162BE928C79D960094E7DA /* RefreshableTests.swift in Sources */ = {isa = PBXBuildFile; fileRef = 20162BCB28C79D500094E7DA /* RefreshableTests.swift */; };
		20A042F628C8826D00B64052 /* ComposableRefreshable.swift in Sources */ = {isa = PBXBuildFile; fileRef = 20A042F528C8826D00B64052 /* ComposableRefreshable.swift */; };
		20A042F828C8839000B64052 /* FactClient.swift in Sources */ = {isa = PBXBuildFile; fileRef = 20A042F728C8839000B64052 /* FactClient.swift */; };
		20F42AD528C9E71E00AABF61 /* FocusState.swift in Sources */ = {isa = PBXBuildFile; fileRef = 20F42AD428C9E71E00AABF61 /* FocusState.swift */; };
		20F42AD728C9F38600AABF61 /* ComposableFocusState.swift in Sources */ = {isa = PBXBuildFile; fileRef = 20F42AD628C9F38600AABF61 /* ComposableFocusState.swift */; };
/* End PBXBuildFile section */

/* Begin PBXContainerItemProxy section */
		20162BE428C79D8D0094E7DA /* PBXContainerItemProxy */ = {
			isa = PBXContainerItemProxy;
			containerPortal = 20162BAE28C783DA0094E7DA /* Project object */;
			proxyType = 1;
			remoteGlobalIDString = 20162BB528C783DA0094E7DA;
			remoteInfo = PullToRefresh;
		};
/* End PBXContainerItemProxy section */

/* Begin PBXFileReference section */
		20162BB628C783DA0094E7DA /* PullToRefresh.app */ = {isa = PBXFileReference; explicitFileType = wrapper.application; includeInIndex = 0; path = PullToRefresh.app; sourceTree = BUILT_PRODUCTS_DIR; };
		20162BB928C783DA0094E7DA /* PullToRefreshApp.swift */ = {isa = PBXFileReference; lastKnownFileType = sourcecode.swift; path = PullToRefreshApp.swift; sourceTree = "<group>"; };
		20162BBB28C783DA0094E7DA /* VanillaPullToRefreshView.swift */ = {isa = PBXFileReference; lastKnownFileType = sourcecode.swift; path = VanillaPullToRefreshView.swift; sourceTree = "<group>"; };
		20162BBD28C783DC0094E7DA /* Assets.xcassets */ = {isa = PBXFileReference; lastKnownFileType = folder.assetcatalog; path = Assets.xcassets; sourceTree = "<group>"; };
		20162BC028C783DC0094E7DA /* Preview Assets.xcassets */ = {isa = PBXFileReference; lastKnownFileType = folder.assetcatalog; path = "Preview Assets.xcassets"; sourceTree = "<group>"; };
		20162BCA28C78C920094E7DA /* Info.plist */ = {isa = PBXFileReference; lastKnownFileType = text.plist; path = Info.plist; sourceTree = "<group>"; };
		20162BCB28C79D500094E7DA /* RefreshableTests.swift */ = {isa = PBXFileReference; lastKnownFileType = sourcecode.swift; path = RefreshableTests.swift; sourceTree = "<group>"; };
		20162BE028C79D8D0094E7DA /* PullToRefreshTests.xctest */ = {isa = PBXFileReference; explicitFileType = wrapper.cfbundle; includeInIndex = 0; path = PullToRefreshTests.xctest; sourceTree = BUILT_PRODUCTS_DIR; };
		20A042F528C8826D00B64052 /* ComposableRefreshable.swift */ = {isa = PBXFileReference; lastKnownFileType = sourcecode.swift; path = ComposableRefreshable.swift; sourceTree = "<group>"; };
		20A042F728C8839000B64052 /* FactClient.swift */ = {isa = PBXFileReference; lastKnownFileType = sourcecode.swift; path = FactClient.swift; sourceTree = "<group>"; };
		20F42AD428C9E71E00AABF61 /* FocusState.swift */ = {isa = PBXFileReference; lastKnownFileType = sourcecode.swift; path = FocusState.swift; sourceTree = "<group>"; };
		20F42AD628C9F38600AABF61 /* ComposableFocusState.swift */ = {isa = PBXFileReference; lastKnownFileType = sourcecode.swift; path = ComposableFocusState.swift; sourceTree = "<group>"; };
/* End PBXFileReference section */

/* Begin PBXFrameworksBuildPhase section */
		20162BB328C783DA0094E7DA /* Frameworks */ = {
			isa = PBXFrameworksBuildPhase;
			buildActionMask = 2147483647;
			files = (
				20162BC928C786730094E7DA /* ComposableArchitecture in Frameworks */,
			);
			runOnlyForDeploymentPostprocessing = 0;
		};
		20162BDD28C79D8D0094E7DA /* Frameworks */ = {
			isa = PBXFrameworksBuildPhase;
			buildActionMask = 2147483647;
			files = (
			);
			runOnlyForDeploymentPostprocessing = 0;
		};
/* End PBXFrameworksBuildPhase section */

/* Begin PBXGroup section */
		20162BAD28C783DA0094E7DA = {
			isa = PBXGroup;
			children = (
				20162BB828C783DA0094E7DA /* PullToRefresh */,
				20162BE128C79D8D0094E7DA /* PullToRefreshTests */,
				20162BB728C783DA0094E7DA /* Products */,
			);
			sourceTree = "<group>";
		};
		20162BB728C783DA0094E7DA /* Products */ = {
			isa = PBXGroup;
			children = (
				20162BB628C783DA0094E7DA /* PullToRefresh.app */,
				20162BE028C79D8D0094E7DA /* PullToRefreshTests.xctest */,
			);
			name = Products;
			sourceTree = "<group>";
		};
		20162BB828C783DA0094E7DA /* PullToRefresh */ = {
			isa = PBXGroup;
			children = (
				20162BCA28C78C920094E7DA /* Info.plist */,
				20162BB928C783DA0094E7DA /* PullToRefreshApp.swift */,
				20162BBB28C783DA0094E7DA /* VanillaPullToRefreshView.swift */,
				20A042F528C8826D00B64052 /* ComposableRefreshable.swift */,
				20A042F728C8839000B64052 /* FactClient.swift */,
				20F42AD428C9E71E00AABF61 /* FocusState.swift */,
				20F42AD628C9F38600AABF61 /* ComposableFocusState.swift */,
				20162BBD28C783DC0094E7DA /* Assets.xcassets */,
				20162BBF28C783DC0094E7DA /* Preview Content */,
			);
			path = PullToRefresh;
			sourceTree = "<group>";
		};
		20162BBF28C783DC0094E7DA /* Preview Content */ = {
			isa = PBXGroup;
			children = (
				20162BC028C783DC0094E7DA /* Preview Assets.xcassets */,
			);
			path = "Preview Content";
			sourceTree = "<group>";
		};
		20162BE128C79D8D0094E7DA /* PullToRefreshTests */ = {
			isa = PBXGroup;
			children = (
				20162BCB28C79D500094E7DA /* RefreshableTests.swift */,
			);
			path = PullToRefreshTests;
			sourceTree = "<group>";
		};
/* End PBXGroup section */

/* Begin PBXNativeTarget section */
		20162BB528C783DA0094E7DA /* PullToRefresh */ = {
			isa = PBXNativeTarget;
			buildConfigurationList = 20162BC428C783DC0094E7DA /* Build configuration list for PBXNativeTarget "PullToRefresh" */;
			buildPhases = (
				20162BB228C783DA0094E7DA /* Sources */,
				20162BB328C783DA0094E7DA /* Frameworks */,
				20162BB428C783DA0094E7DA /* Resources */,
			);
			buildRules = (
			);
			dependencies = (
			);
			name = PullToRefresh;
			packageProductDependencies = (
				20162BC828C786730094E7DA /* ComposableArchitecture */,
			);
			productName = PullToRefresh;
			productReference = 20162BB628C783DA0094E7DA /* PullToRefresh.app */;
			productType = "com.apple.product-type.application";
		};
		20162BDF28C79D8D0094E7DA /* PullToRefreshTests */ = {
			isa = PBXNativeTarget;
			buildConfigurationList = 20162BE628C79D8D0094E7DA /* Build configuration list for PBXNativeTarget "PullToRefreshTests" */;
			buildPhases = (
				20162BDC28C79D8D0094E7DA /* Sources */,
				20162BDD28C79D8D0094E7DA /* Frameworks */,
				20162BDE28C79D8D0094E7DA /* Resources */,
			);
			buildRules = (
			);
			dependencies = (
				20162BE528C79D8D0094E7DA /* PBXTargetDependency */,
			);
			name = PullToRefreshTests;
			productName = PullToRefreshTests;
			productReference = 20162BE028C79D8D0094E7DA /* PullToRefreshTests.xctest */;
			productType = "com.apple.product-type.bundle.unit-test";
		};
/* End PBXNativeTarget section */

/* Begin PBXProject section */
		20162BAE28C783DA0094E7DA /* Project object */ = {
			isa = PBXProject;
			attributes = {
				BuildIndependentTargetsInParallel = 1;
				LastSwiftUpdateCheck = 1340;
				LastUpgradeCheck = 1340;
				TargetAttributes = {
					20162BB528C783DA0094E7DA = {
						CreatedOnToolsVersion = 13.4;
					};
					20162BDF28C79D8D0094E7DA = {
						CreatedOnToolsVersion = 13.4;
						TestTargetID = 20162BB528C783DA0094E7DA;
					};
				};
			};
			buildConfigurationList = 20162BB128C783DA0094E7DA /* Build configuration list for PBXProject "PullToRefresh" */;
			compatibilityVersion = "Xcode 13.0";
			developmentRegion = en;
			hasScannedForEncodings = 0;
			knownRegions = (
				en,
				Base,
			);
			mainGroup = 20162BAD28C783DA0094E7DA;
			packageReferences = (
				20162BC728C786730094E7DA /* XCRemoteSwiftPackageReference "swift-composable-architecture" */,
			);
			productRefGroup = 20162BB728C783DA0094E7DA /* Products */;
			projectDirPath = "";
			projectRoot = "";
			targets = (
				20162BB528C783DA0094E7DA /* PullToRefresh */,
				20162BDF28C79D8D0094E7DA /* PullToRefreshTests */,
			);
		};
/* End PBXProject section */

/* Begin PBXResourcesBuildPhase section */
		20162BB428C783DA0094E7DA /* Resources */ = {
			isa = PBXResourcesBuildPhase;
			buildActionMask = 2147483647;
			files = (
				20162BC128C783DC0094E7DA /* Preview Assets.xcassets in Resources */,
				20162BBE28C783DC0094E7DA /* Assets.xcassets in Resources */,
			);
			runOnlyForDeploymentPostprocessing = 0;
		};
		20162BDE28C79D8D0094E7DA /* Resources */ = {
			isa = PBXResourcesBuildPhase;
			buildActionMask = 2147483647;
			files = (
			);
			runOnlyForDeploymentPostprocessing = 0;
		};
/* End PBXResourcesBuildPhase section */

/* Begin PBXSourcesBuildPhase section */
		20162BB228C783DA0094E7DA /* Sources */ = {
			isa = PBXSourcesBuildPhase;
			buildActionMask = 2147483647;
			files = (
				20A042F828C8839000B64052 /* FactClient.swift in Sources */,
				20F42AD728C9F38600AABF61 /* ComposableFocusState.swift in Sources */,
				20A042F628C8826D00B64052 /* ComposableRefreshable.swift in Sources */,
				20162BBC28C783DA0094E7DA /* VanillaPullToRefreshView.swift in Sources */,
				20F42AD528C9E71E00AABF61 /* FocusState.swift in Sources */,
				20162BBA28C783DA0094E7DA /* PullToRefreshApp.swift in Sources */,
			);
			runOnlyForDeploymentPostprocessing = 0;
		};
		20162BDC28C79D8D0094E7DA /* Sources */ = {
			isa = PBXSourcesBuildPhase;
			buildActionMask = 2147483647;
			files = (
				20162BE928C79D960094E7DA /* RefreshableTests.swift in Sources */,
			);
			runOnlyForDeploymentPostprocessing = 0;
		};
/* End PBXSourcesBuildPhase section */

/* Begin PBXTargetDependency section */
		20162BE528C79D8D0094E7DA /* PBXTargetDependency */ = {
			isa = PBXTargetDependency;
			target = 20162BB528C783DA0094E7DA /* PullToRefresh */;
			targetProxy = 20162BE428C79D8D0094E7DA /* PBXContainerItemProxy */;
		};
/* End PBXTargetDependency section */

/* Begin XCBuildConfiguration section */
		20162BC228C783DC0094E7DA /* Debug */ = {
			isa = XCBuildConfiguration;
			buildSettings = {
				ALWAYS_SEARCH_USER_PATHS = NO;
				CLANG_ANALYZER_NONNULL = YES;
				CLANG_ANALYZER_NUMBER_OBJECT_CONVERSION = YES_AGGRESSIVE;
				CLANG_CXX_LANGUAGE_STANDARD = "gnu++17";
				CLANG_ENABLE_MODULES = YES;
				CLANG_ENABLE_OBJC_ARC = YES;
				CLANG_ENABLE_OBJC_WEAK = YES;
				CLANG_WARN_BLOCK_CAPTURE_AUTORELEASING = YES;
				CLANG_WARN_BOOL_CONVERSION = YES;
				CLANG_WARN_COMMA = YES;
				CLANG_WARN_CONSTANT_CONVERSION = YES;
				CLANG_WARN_DEPRECATED_OBJC_IMPLEMENTATIONS = YES;
				CLANG_WARN_DIRECT_OBJC_ISA_USAGE = YES_ERROR;
				CLANG_WARN_DOCUMENTATION_COMMENTS = YES;
				CLANG_WARN_EMPTY_BODY = YES;
				CLANG_WARN_ENUM_CONVERSION = YES;
				CLANG_WARN_INFINITE_RECURSION = YES;
				CLANG_WARN_INT_CONVERSION = YES;
				CLANG_WARN_NON_LITERAL_NULL_CONVERSION = YES;
				CLANG_WARN_OBJC_IMPLICIT_RETAIN_SELF = YES;
				CLANG_WARN_OBJC_LITERAL_CONVERSION = YES;
				CLANG_WARN_OBJC_ROOT_CLASS = YES_ERROR;
				CLANG_WARN_QUOTED_INCLUDE_IN_FRAMEWORK_HEADER = YES;
				CLANG_WARN_RANGE_LOOP_ANALYSIS = YES;
				CLANG_WARN_STRICT_PROTOTYPES = YES;
				CLANG_WARN_SUSPICIOUS_MOVE = YES;
				CLANG_WARN_UNGUARDED_AVAILABILITY = YES_AGGRESSIVE;
				CLANG_WARN_UNREACHABLE_CODE = YES;
				CLANG_WARN__DUPLICATE_METHOD_MATCH = YES;
				COPY_PHASE_STRIP = NO;
				DEBUG_INFORMATION_FORMAT = dwarf;
				ENABLE_STRICT_OBJC_MSGSEND = YES;
				ENABLE_TESTABILITY = YES;
				GCC_C_LANGUAGE_STANDARD = gnu11;
				GCC_DYNAMIC_NO_PIC = NO;
				GCC_NO_COMMON_BLOCKS = YES;
				GCC_OPTIMIZATION_LEVEL = 0;
				GCC_PREPROCESSOR_DEFINITIONS = (
					"DEBUG=1",
					"$(inherited)",
				);
				GCC_WARN_64_TO_32_BIT_CONVERSION = YES;
				GCC_WARN_ABOUT_RETURN_TYPE = YES_ERROR;
				GCC_WARN_UNDECLARED_SELECTOR = YES;
				GCC_WARN_UNINITIALIZED_AUTOS = YES_AGGRESSIVE;
				GCC_WARN_UNUSED_FUNCTION = YES;
				GCC_WARN_UNUSED_VARIABLE = YES;
				IPHONEOS_DEPLOYMENT_TARGET = 15.5;
				MTL_ENABLE_DEBUG_INFO = INCLUDE_SOURCE;
				MTL_FAST_MATH = YES;
				ONLY_ACTIVE_ARCH = YES;
				SDKROOT = iphoneos;
				SWIFT_ACTIVE_COMPILATION_CONDITIONS = DEBUG;
				SWIFT_OPTIMIZATION_LEVEL = "-Onone";
			};
			name = Debug;
		};
		20162BC328C783DC0094E7DA /* Release */ = {
			isa = XCBuildConfiguration;
			buildSettings = {
				ALWAYS_SEARCH_USER_PATHS = NO;
				CLANG_ANALYZER_NONNULL = YES;
				CLANG_ANALYZER_NUMBER_OBJECT_CONVERSION = YES_AGGRESSIVE;
				CLANG_CXX_LANGUAGE_STANDARD = "gnu++17";
				CLANG_ENABLE_MODULES = YES;
				CLANG_ENABLE_OBJC_ARC = YES;
				CLANG_ENABLE_OBJC_WEAK = YES;
				CLANG_WARN_BLOCK_CAPTURE_AUTORELEASING = YES;
				CLANG_WARN_BOOL_CONVERSION = YES;
				CLANG_WARN_COMMA = YES;
				CLANG_WARN_CONSTANT_CONVERSION = YES;
				CLANG_WARN_DEPRECATED_OBJC_IMPLEMENTATIONS = YES;
				CLANG_WARN_DIRECT_OBJC_ISA_USAGE = YES_ERROR;
				CLANG_WARN_DOCUMENTATION_COMMENTS = YES;
				CLANG_WARN_EMPTY_BODY = YES;
				CLANG_WARN_ENUM_CONVERSION = YES;
				CLANG_WARN_INFINITE_RECURSION = YES;
				CLANG_WARN_INT_CONVERSION = YES;
				CLANG_WARN_NON_LITERAL_NULL_CONVERSION = YES;
				CLANG_WARN_OBJC_IMPLICIT_RETAIN_SELF = YES;
				CLANG_WARN_OBJC_LITERAL_CONVERSION = YES;
				CLANG_WARN_OBJC_ROOT_CLASS = YES_ERROR;
				CLANG_WARN_QUOTED_INCLUDE_IN_FRAMEWORK_HEADER = YES;
				CLANG_WARN_RANGE_LOOP_ANALYSIS = YES;
				CLANG_WARN_STRICT_PROTOTYPES = YES;
				CLANG_WARN_SUSPICIOUS_MOVE = YES;
				CLANG_WARN_UNGUARDED_AVAILABILITY = YES_AGGRESSIVE;
				CLANG_WARN_UNREACHABLE_CODE = YES;
				CLANG_WARN__DUPLICATE_METHOD_MATCH = YES;
				COPY_PHASE_STRIP = NO;
				DEBUG_INFORMATION_FORMAT = "dwarf-with-dsym";
				ENABLE_NS_ASSERTIONS = NO;
				ENABLE_STRICT_OBJC_MSGSEND = YES;
				GCC_C_LANGUAGE_STANDARD = gnu11;
				GCC_NO_COMMON_BLOCKS = YES;
				GCC_WARN_64_TO_32_BIT_CONVERSION = YES;
				GCC_WARN_ABOUT_RETURN_TYPE = YES_ERROR;
				GCC_WARN_UNDECLARED_SELECTOR = YES;
				GCC_WARN_UNINITIALIZED_AUTOS = YES_AGGRESSIVE;
				GCC_WARN_UNUSED_FUNCTION = YES;
				GCC_WARN_UNUSED_VARIABLE = YES;
				IPHONEOS_DEPLOYMENT_TARGET = 15.5;
				MTL_ENABLE_DEBUG_INFO = NO;
				MTL_FAST_MATH = YES;
				SDKROOT = iphoneos;
				SWIFT_COMPILATION_MODE = wholemodule;
				SWIFT_OPTIMIZATION_LEVEL = "-O";
				VALIDATE_PRODUCT = YES;
			};
			name = Release;
		};
		20162BC528C783DC0094E7DA /* Debug */ = {
			isa = XCBuildConfiguration;
			buildSettings = {
				ASSETCATALOG_COMPILER_APPICON_NAME = AppIcon;
				ASSETCATALOG_COMPILER_GLOBAL_ACCENT_COLOR_NAME = AccentColor;
				CODE_SIGN_STYLE = Automatic;
				CURRENT_PROJECT_VERSION = 1;
				DEVELOPMENT_ASSET_PATHS = "\"PullToRefresh/Preview Content\"";
				DEVELOPMENT_TEAM = J8A5ZAM5GV;
				ENABLE_PREVIEWS = YES;
				GENERATE_INFOPLIST_FILE = YES;
				INFOPLIST_FILE = PullToRefresh/Info.plist;
				INFOPLIST_KEY_UIApplicationSceneManifest_Generation = YES;
				INFOPLIST_KEY_UIApplicationSupportsIndirectInputEvents = YES;
				INFOPLIST_KEY_UILaunchScreen_Generation = YES;
				INFOPLIST_KEY_UISupportedInterfaceOrientations_iPad = "UIInterfaceOrientationPortrait UIInterfaceOrientationPortraitUpsideDown UIInterfaceOrientationLandscapeLeft UIInterfaceOrientationLandscapeRight";
				INFOPLIST_KEY_UISupportedInterfaceOrientations_iPhone = "UIInterfaceOrientationPortrait UIInterfaceOrientationLandscapeLeft UIInterfaceOrientationLandscapeRight";
				LD_RUNPATH_SEARCH_PATHS = (
					"$(inherited)",
					"@executable_path/Frameworks",
				);
				MARKETING_VERSION = 1.0;
				PRODUCT_BUNDLE_IDENTIFIER = com.oluwatobiomotayo.PullToRefresh;
				PRODUCT_NAME = "$(TARGET_NAME)";
				SWIFT_EMIT_LOC_STRINGS = YES;
				SWIFT_VERSION = 5.0;
				TARGETED_DEVICE_FAMILY = "1,2";
			};
			name = Debug;
		};
		20162BC628C783DC0094E7DA /* Release */ = {
			isa = XCBuildConfiguration;
			buildSettings = {
				ASSETCATALOG_COMPILER_APPICON_NAME = AppIcon;
				ASSETCATALOG_COMPILER_GLOBAL_ACCENT_COLOR_NAME = AccentColor;
				CODE_SIGN_STYLE = Automatic;
				CURRENT_PROJECT_VERSION = 1;
				DEVELOPMENT_ASSET_PATHS = "\"PullToRefresh/Preview Content\"";
				DEVELOPMENT_TEAM = J8A5ZAM5GV;
				ENABLE_PREVIEWS = YES;
				GENERATE_INFOPLIST_FILE = YES;
				INFOPLIST_FILE = PullToRefresh/Info.plist;
				INFOPLIST_KEY_UIApplicationSceneManifest_Generation = YES;
				INFOPLIST_KEY_UIApplicationSupportsIndirectInputEvents = YES;
				INFOPLIST_KEY_UILaunchScreen_Generation = YES;
				INFOPLIST_KEY_UISupportedInterfaceOrientations_iPad = "UIInterfaceOrientationPortrait UIInterfaceOrientationPortraitUpsideDown UIInterfaceOrientationLandscapeLeft UIInterfaceOrientationLandscapeRight";
				INFOPLIST_KEY_UISupportedInterfaceOrientations_iPhone = "UIInterfaceOrientationPortrait UIInterfaceOrientationLandscapeLeft UIInterfaceOrientationLandscapeRight";
				LD_RUNPATH_SEARCH_PATHS = (
					"$(inherited)",
					"@executable_path/Frameworks",
				);
				MARKETING_VERSION = 1.0;
				PRODUCT_BUNDLE_IDENTIFIER = com.oluwatobiomotayo.PullToRefresh;
				PRODUCT_NAME = "$(TARGET_NAME)";
				SWIFT_EMIT_LOC_STRINGS = YES;
				SWIFT_VERSION = 5.0;
				TARGETED_DEVICE_FAMILY = "1,2";
			};
			name = Release;
		};
		20162BE728C79D8D0094E7DA /* Debug */ = {
			isa = XCBuildConfiguration;
			buildSettings = {
				BUNDLE_LOADER = "$(TEST_HOST)";
				CODE_SIGN_STYLE = Automatic;
				CURRENT_PROJECT_VERSION = 1;
				DEVELOPMENT_TEAM = J8A5ZAM5GV;
				GENERATE_INFOPLIST_FILE = YES;
				MARKETING_VERSION = 1.0;
				PRODUCT_BUNDLE_IDENTIFIER = com.oluwatobiomotayo.PullToRefreshTests;
				PRODUCT_NAME = "$(TARGET_NAME)";
				SWIFT_EMIT_LOC_STRINGS = NO;
				SWIFT_VERSION = 5.0;
				TARGETED_DEVICE_FAMILY = "1,2";
				TEST_HOST = "$(BUILT_PRODUCTS_DIR)/PullToRefresh.app/PullToRefresh";
			};
			name = Debug;
		};
		20162BE828C79D8D0094E7DA /* Release */ = {
			isa = XCBuildConfiguration;
			buildSettings = {
				BUNDLE_LOADER = "$(TEST_HOST)";
				CODE_SIGN_STYLE = Automatic;
				CURRENT_PROJECT_VERSION = 1;
				DEVELOPMENT_TEAM = J8A5ZAM5GV;
				GENERATE_INFOPLIST_FILE = YES;
				MARKETING_VERSION = 1.0;
				PRODUCT_BUNDLE_IDENTIFIER = com.oluwatobiomotayo.PullToRefreshTests;
				PRODUCT_NAME = "$(TARGET_NAME)";
				SWIFT_EMIT_LOC_STRINGS = NO;
				SWIFT_VERSION = 5.0;
				TARGETED_DEVICE_FAMILY = "1,2";
				TEST_HOST = "$(BUILT_PRODUCTS_DIR)/PullToRefresh.app/PullToRefresh";
			};
			name = Release;
		};
/* End XCBuildConfiguration section */

/* Begin XCConfigurationList section */
		20162BB128C783DA0094E7DA /* Build configuration list for PBXProject "PullToRefresh" */ = {
			isa = XCConfigurationList;
			buildConfigurations = (
				20162BC228C783DC0094E7DA /* Debug */,
				20162BC328C783DC0094E7DA /* Release */,
			);
			defaultConfigurationIsVisible = 0;
			defaultConfigurationName = Release;
		};
		20162BC428C783DC0094E7DA /* Build configuration list for PBXNativeTarget "PullToRefresh" */ = {
			isa = XCConfigurationList;
			buildConfigurations = (
				20162BC528C783DC0094E7DA /* Debug */,
				20162BC628C783DC0094E7DA /* Release */,
			);
			defaultConfigurationIsVisible = 0;
			defaultConfigurationName = Release;
		};
		20162BE628C79D8D0094E7DA /* Build configuration list for PBXNativeTarget "PullToRefreshTests" */ = {
			isa = XCConfigurationList;
			buildConfigurations = (
				20162BE728C79D8D0094E7DA /* Debug */,
				20162BE828C79D8D0094E7DA /* Release */,
			);
			defaultConfigurationIsVisible = 0;
			defaultConfigurationName = Release;
		};
/* End XCConfigurationList section */

/* Begin XCRemoteSwiftPackageReference section */
		20162BC728C786730094E7DA /* XCRemoteSwiftPackageReference "swift-composable-architecture" */ = {
			isa = XCRemoteSwiftPackageReference;
			repositoryURL = "https://github.com/pointfreeco/swift-composable-architecture.git";
			requirement = {
				kind = upToNextMajorVersion;
				minimumVersion = 0.39.1;
			};
		};
/* End XCRemoteSwiftPackageReference section */

/* Begin XCSwiftPackageProductDependency section */
		20162BC828C786730094E7DA /* ComposableArchitecture */ = {
			isa = XCSwiftPackageProductDependency;
			package = 20162BC728C786730094E7DA /* XCRemoteSwiftPackageReference "swift-composable-architecture" */;
			productName = ComposableArchitecture;
		};
/* End XCSwiftPackageProductDependency section */
	};
	rootObject = 20162BAE28C783DA0094E7DA /* Project object */;
}
